
Microsoft Visual Studio Solution File, Format Version 12.00
# Visual Studio Version 17
VisualStudioVersion = 17.0.31903.59
MinimumVisualStudioVersion = 10.0.40219.1
Project("{FAE04EC0-301F-11D3-BF4B-00C04F79EFBC}") = "minimal-api", "Api\minimal-api.csproj", "{19600293-95FF-4668-95A2-E627921AB9D8}"
EndProject
Project("{FAE04EC0-301F-11D3-BF4B-00C04F79EFBC}") = "Test", "Test\Test.csproj", "{8840916D-DBD1-4C0E-8434-2C2BFC010B59}"
EndProject
Global
	GlobalSection(SolutionConfigurationPlatforms) = preSolution
		Debug|Any CPU = Debug|Any CPU
		Release|Any CPU = Release|Any CPU
	EndGlobalSection
	GlobalSection(SolutionProperties) = preSolution
		HideSolutionNode = FALSE
	EndGlobalSection
	GlobalSection(ProjectConfigurationPlatforms) = postSolution
		{19600293-95FF-4668-95A2-E627921AB9D8}.Debug|Any CPU.ActiveCfg = Debug|Any CPU
		{19600293-95FF-4668-95A2-E627921AB9D8}.Debug|Any CPU.Build.0 = Debug|Any CPU
		{19600293-95FF-4668-95A2-E627921AB9D8}.Release|Any CPU.ActiveCfg = Release|Any CPU
		{19600293-95FF-4668-95A2-E627921AB9D8}.Release|Any CPU.Build.0 = Release|Any CPU
		{8840916D-DBD1-4C0E-8434-2C2BFC010B59}.Debug|Any CPU.ActiveCfg = Debug|Any CPU
		{8840916D-DBD1-4C0E-8434-2C2BFC010B59}.Debug|Any CPU.Build.0 = Debug|Any CPU
		{8840916D-DBD1-4C0E-8434-2C2BFC010B59}.Release|Any CPU.ActiveCfg = Release|Any CPU
		{8840916D-DBD1-4C0E-8434-2C2BFC010B59}.Release|Any CPU.Build.0 = Release|Any CPU
	EndGlobalSection
EndGlobal
